# THIS IS AN AUTOGENERATED FILE. DO NOT EDIT THIS FILE DIRECTLY.
# yarn lockfile v1


fsevents@~2.3.2:
  version "2.3.3"
  resolved "https://registry.yarnpkg.com/fsevents/-/fsevents-2.3.3.tgz#cac6407785d03675a2a5e1a5305c697b347d90d6"
  integrity sha512-5xoDfX+fL7faATnagmWPpbFtwh/R77WmMMqqHGS65C3vvB0YHrgF+B1YmZ3441tMj5n63k0212XNoJwzlhffQw==

rollup@^3.28.1:
  version "3.28.1"
  resolved "https://registry.yarnpkg.com/rollup/-/rollup-3.28.1.tgz#fb44aa6d5e65c7e13fd5bcfff266d0c4ea9ba433"
  integrity sha512-R9OMQmIHJm9znrU3m3cpE8uhN0fGdXiawME7aZIpQqvpS/85+Vt1Hq1/yVIcYfOmaQiHjvXkQAoJukvLpau6Yw==
  optionalDependencies:
    fsevents "~2.3.2"
